
Microsoft Visual Studio Solution File, Format Version 12.00
# Visual Studio Version 17
VisualStudioVersion = 17.13.35931.197 d17.13
MinimumVisualStudioVersion = 10.0.40219.1
Project("{FAE04EC0-301F-11D3-BF4B-00C04F79EFBC}") = "AspNetCoreMvcJwtApp", "AspNetCoreMvcJwtApp\AspNetCoreMvcJwtApp.csproj", "{19CAB900-9318-4671-93A2-1D0D731AF58C}"
EndProject
Global
	GlobalSection(SolutionConfigurationPlatforms) = preSolution
		Debug|Any CPU = Debug|Any CPU
		Release|Any CPU = Release|Any CPU
	EndGlobalSection
	GlobalSection(ProjectConfigurationPlatforms) = postSolution
		{19CAB900-9318-4671-93A2-1D0D731AF58C}.Debug|Any CPU.ActiveCfg = Debug|Any CPU
		{19CAB900-9318-4671-93A2-1D0D731AF58C}.Debug|Any CPU.Build.0 = Debug|Any CPU
		{19CAB900-9318-4671-93A2-1D0D731AF58C}.Release|Any CPU.ActiveCfg = Release|Any CPU
		{19CAB900-9318-4671-93A2-1D0D731AF58C}.Release|Any CPU.Build.0 = Release|Any CPU
	EndGlobalSection
	GlobalSection(SolutionProperties) = preSolution
		HideSolutionNode = FALSE
	EndGlobalSection
	GlobalSection(ExtensibilityGlobals) = postSolution
		SolutionGuid = {2AED015A-A9D1-41AB-9CAA-50B711F7BD43}
	EndGlobalSection
EndGlobal
